
Microsoft Visual Studio Solution File, Format Version 12.00
# Visual Studio Version 17
VisualStudioVersion = 17.4.33205.214
MinimumVisualStudioVersion = 10.0.40219.1
Project("{9A19103F-16F7-4668-BE54-9A1E7A4F7556}") = "Loyalty.System.Data", "Loyalty.System.Data\Loyalty.System.Data.csproj", "{A5AAA262-F801-4739-8631-5F1B85EC1CD4}"
EndProject
Project("{9A19103F-16F7-4668-BE54-9A1E7A4F7556}") = "Loyalty.System.API", "Loyalty.System.API\Loyalty.System.API.csproj", "{F64AF134-A090-4E8A-AF52-E5DCFB9366EC}"
EndProject
Global
	GlobalSection(SolutionConfigurationPlatforms) = preSolution
		Debug|Any CPU = Debug|Any CPU
		Release|Any CPU = Release|Any CPU
	EndGlobalSection
	GlobalSection(ProjectConfigurationPlatforms) = postSolution
		{A5AAA262-F801-4739-8631-5F1B85EC1CD4}.Debug|Any CPU.ActiveCfg = Debug|Any CPU
		{A5AAA262-F801-4739-8631-5F1B85EC1CD4}.Debug|Any CPU.Build.0 = Debug|Any CPU
		{A5AAA262-F801-4739-8631-5F1B85EC1CD4}.Release|Any CPU.ActiveCfg = Release|Any CPU
		{A5AAA262-F801-4739-8631-5F1B85EC1CD4}.Release|Any CPU.Build.0 = Release|Any CPU
		{F64AF134-A090-4E8A-AF52-E5DCFB9366EC}.Debug|Any CPU.ActiveCfg = Debug|Any CPU
		{F64AF134-A090-4E8A-AF52-E5DCFB9366EC}.Debug|Any CPU.Build.0 = Debug|Any CPU
		{F64AF134-A090-4E8A-AF52-E5DCFB9366EC}.Release|Any CPU.ActiveCfg = Release|Any CPU
		{F64AF134-A090-4E8A-AF52-E5DCFB9366EC}.Release|Any CPU.Build.0 = Release|Any CPU
	EndGlobalSection
	GlobalSection(SolutionProperties) = preSolution
		HideSolutionNode = FALSE
	EndGlobalSection
	GlobalSection(ExtensibilityGlobals) = postSolution
		SolutionGuid = {E26221AE-8DBF-4A40-B15E-C13C7C9E7618}
	EndGlobalSection
EndGlobal
